{
  "originHash" : "83f87d61bbf1b5186770932fb2daf16bdcbc2111b77f92c73fb723c3461eebdc",
  "pins" : [
    {
      "identity" : "swift-syntax",
      "kind" : "remoteSourceControl",
      "location" : "https://github.com/swiftlang/swift-syntax.git",
      "state" : {
        "revision" : "f99ae8aa18f0cf0d53481901f88a0991dc3bd4a2",
        "version" : "601.0.1"
      }
    },
    {
      "identity" : "swift-testing",
      "kind" : "remoteSourceControl",
      "location" : "https://github.com/swiftlang/swift-testing.git",
      "state" : {
        "revision" : "d6b70f9ef9eb207729fb50e0ff32edc6f72ea474",
        "version" : "6.1.2"
      }
    }
  ],
  "version" : 3
}
